
Microsoft Visual Studio Solution File, Format Version 12.00
# Visual Studio Version 16
VisualStudioVersion = 16.0.31702.278
MinimumVisualStudioVersion = 10.0.40219.1
Project("{FAE04EC0-301F-11D3-BF4B-00C04F79EFBC}") = "curs9ConectareLaBazaDeDate", "curs9ConectareLaBazaDeDate.csproj", "{B47D5802-B8BE-413C-A89A-BDAB10C49D02}"
EndProject
Global
	GlobalSection(SolutionConfigurationPlatforms) = preSolution
		Debug|Any CPU = Debug|Any CPU
		Debug|x64 = Debug|x64
		Release|Any CPU = Release|Any CPU
		Release|x64 = Release|x64
	EndGlobalSection
	GlobalSection(ProjectConfigurationPlatforms) = postSolution
		{B47D5802-B8BE-413C-A89A-BDAB10C49D02}.Debug|Any CPU.ActiveCfg = Debug|Any CPU
		{B47D5802-B8BE-413C-A89A-BDAB10C49D02}.Debug|Any CPU.Build.0 = Debug|Any CPU
		{B47D5802-B8BE-413C-A89A-BDAB10C49D02}.Debug|x64.ActiveCfg = Debug|x64
		{B47D5802-B8BE-413C-A89A-BDAB10C49D02}.Debug|x64.Build.0 = Debug|x64
		{B47D5802-B8BE-413C-A89A-BDAB10C49D02}.Release|Any CPU.ActiveCfg = Release|Any CPU
		{B47D5802-B8BE-413C-A89A-BDAB10C49D02}.Release|Any CPU.Build.0 = Release|Any CPU
		{B47D5802-B8BE-413C-A89A-BDAB10C49D02}.Release|x64.ActiveCfg = Release|x64
		{B47D5802-B8BE-413C-A89A-BDAB10C49D02}.Release|x64.Build.0 = Release|x64
	EndGlobalSection
	GlobalSection(SolutionProperties) = preSolution
		HideSolutionNode = FALSE
	EndGlobalSection
	GlobalSection(ExtensibilityGlobals) = postSolution
		SolutionGuid = {9610C6D5-6360-473A-B39C-88CD49A7B972}
	EndGlobalSection
EndGlobal
